// !$*UTF8*$!
{
	archiveVersion = 1;
	classes = {
	};
	objectVersion = 55;
	objects = {

/* Begin PBXBuildFile section */
		2E11755B275804C9003473C3 /* AppDelegate.m in Sources */ = {isa = PBXBuildFile; fileRef = 2E11755A275804C9003473C3 /* AppDelegate.m */; };
		2E11755E275804C9003473C3 /* SceneDelegate.m in Sources */ = {isa = PBXBuildFile; fileRef = 2E11755D275804C9003473C3 /* SceneDelegate.m */; };
		2E117561275804C9003473C3 /* PokemonListViewController.m in Sources */ = {isa = PBXBuildFile; fileRef = 2E117560275804C9003473C3 /* PokemonListViewController.m */; };
		2E117566275804CA003473C3 /* Assets.xcassets in Resources */ = {isa = PBXBuildFile; fileRef = 2E117565275804CA003473C3 /* Assets.xcassets */; };
		2E117569275804CA003473C3 /* LaunchScreen.storyboard in Resources */ = {isa = PBXBuildFile; fileRef = 2E117567275804CA003473C3 /* LaunchScreen.storyboard */; };
		2E11756C275804CA003473C3 /* main.m in Sources */ = {isa = PBXBuildFile; fileRef = 2E11756B275804CA003473C3 /* main.m */; };
		2E11757427580764003473C3 /* ViewController.xib in Resources */ = {isa = PBXBuildFile; fileRef = 2E11757327580764003473C3 /* ViewController.xib */; };
		2E11757A2758355C003473C3 /* Constants.m in Sources */ = {isa = PBXBuildFile; fileRef = 2E1175792758355C003473C3 /* Constants.m */; };
		2E11757E27583CD9003473C3 /* Localizable.strings in Resources */ = {isa = PBXBuildFile; fileRef = 2E11758027583CD9003473C3 /* Localizable.strings */; };
		2E1175882758443A003473C3 /* WebClient.m in Sources */ = {isa = PBXBuildFile; fileRef = 2E1175872758443A003473C3 /* WebClient.m */; };
		2E3308AF278D04B700484953 /* ImageDownloader.m in Sources */ = {isa = PBXBuildFile; fileRef = 2E3308AE278D04B700484953 /* ImageDownloader.m */; };
		2E42323627A9A09700E0CCDE /* CoreDataManager.m in Sources */ = {isa = PBXBuildFile; fileRef = 2E42323527A9A09700E0CCDE /* CoreDataManager.m */; };
		2E4E23BB278F61B300AE2F49 /* AppCoordinator.m in Sources */ = {isa = PBXBuildFile; fileRef = 2E4E23BA278F61B300AE2F49 /* AppCoordinator.m */; };
		2E4E23BF278F7CB600AE2F49 /* PokemonListCoordinator.m in Sources */ = {isa = PBXBuildFile; fileRef = 2E4E23BE278F7CB600AE2F49 /* PokemonListCoordinator.m */; };
		2E4E23C4278F877300AE2F49 /* PokemonListViewModel.m in Sources */ = {isa = PBXBuildFile; fileRef = 2E4E23C3278F877300AE2F49 /* PokemonListViewModel.m */; };
		2E632ACB275AAA5C008B794D /* PokemonList.m in Sources */ = {isa = PBXBuildFile; fileRef = 2E632ACA275AAA5C008B794D /* PokemonList.m */; };
		2E632ACE275AD60E008B794D /* Pokemon.m in Sources */ = {isa = PBXBuildFile; fileRef = 2E632ACD275AD60E008B794D /* Pokemon.m */; };
		2E9CF1B8276A63DC00E2FFED /* ParsingData.m in Sources */ = {isa = PBXBuildFile; fileRef = 2E9CF1B7276A63DC00E2FFED /* ParsingData.m */; };
		2E9CF1BD276AAFC300E2FFED /* PokemonCollectionViewCell.m in Sources */ = {isa = PBXBuildFile; fileRef = 2E9CF1BB276AAFC300E2FFED /* PokemonCollectionViewCell.m */; };
		2E9CF1BE276AAFC300E2FFED /* PokemonCollectionViewCell.xib in Resources */ = {isa = PBXBuildFile; fileRef = 2E9CF1BC276AAFC300E2FFED /* PokemonCollectionViewCell.xib */; };
		2EA61E29276B9FA900F92911 /* PokemonImage.m in Sources */ = {isa = PBXBuildFile; fileRef = 2EA61E28276B9FA900F92911 /* PokemonImage.m */; };
		2EC6D2022791F9BA0096BD6D /* PokemonDisplay.m in Sources */ = {isa = PBXBuildFile; fileRef = 2EC6D2012791F9BA0096BD6D /* PokemonDisplay.m */; };
/* End PBXBuildFile section */

/* Begin PBXFileReference section */
		2E117556275804C9003473C3 /* Pokedex.app */ = {isa = PBXFileReference; explicitFileType = wrapper.application; includeInIndex = 0; path = Pokedex.app; sourceTree = BUILT_PRODUCTS_DIR; };
		2E117559275804C9003473C3 /* AppDelegate.h */ = {isa = PBXFileReference; lastKnownFileType = sourcecode.c.h; path = AppDelegate.h; sourceTree = "<group>"; };
		2E11755A275804C9003473C3 /* AppDelegate.m */ = {isa = PBXFileReference; lastKnownFileType = sourcecode.c.objc; path = AppDelegate.m; sourceTree = "<group>"; };
		2E11755C275804C9003473C3 /* SceneDelegate.h */ = {isa = PBXFileReference; lastKnownFileType = sourcecode.c.h; path = SceneDelegate.h; sourceTree = "<group>"; };
		2E11755D275804C9003473C3 /* SceneDelegate.m */ = {isa = PBXFileReference; lastKnownFileType = sourcecode.c.objc; path = SceneDelegate.m; sourceTree = "<group>"; };
		2E11755F275804C9003473C3 /* PokemonListViewController.h */ = {isa = PBXFileReference; lastKnownFileType = sourcecode.c.h; path = PokemonListViewController.h; sourceTree = "<group>"; };
		2E117560275804C9003473C3 /* PokemonListViewController.m */ = {isa = PBXFileReference; lastKnownFileType = sourcecode.c.objc; path = PokemonListViewController.m; sourceTree = "<group>"; };
		2E117565275804CA003473C3 /* Assets.xcassets */ = {isa = PBXFileReference; lastKnownFileType = folder.assetcatalog; path = Assets.xcassets; sourceTree = "<group>"; };
		2E117568275804CA003473C3 /* Base */ = {isa = PBXFileReference; lastKnownFileType = file.storyboard; name = Base; path = Base.lproj/LaunchScreen.storyboard; sourceTree = "<group>"; };
		2E11756A275804CA003473C3 /* Info.plist */ = {isa = PBXFileReference; lastKnownFileType = text.plist.xml; path = Info.plist; sourceTree = "<group>"; };
		2E11756B275804CA003473C3 /* main.m */ = {isa = PBXFileReference; lastKnownFileType = sourcecode.c.objc; path = main.m; sourceTree = "<group>"; };
		2E11757327580764003473C3 /* ViewController.xib */ = {isa = PBXFileReference; lastKnownFileType = file.xib; path = ViewController.xib; sourceTree = "<group>"; };
		2E117576275809BB003473C3 /* Constants.h */ = {isa = PBXFileReference; lastKnownFileType = sourcecode.c.h; path = Constants.h; sourceTree = "<group>"; };
		2E1175792758355C003473C3 /* Constants.m */ = {isa = PBXFileReference; fileEncoding = 4; lastKnownFileType = sourcecode.c.objc; path = Constants.m; sourceTree = "<group>"; };
		2E11757F27583CD9003473C3 /* en */ = {isa = PBXFileReference; lastKnownFileType = text.plist.strings; name = en; path = en.lproj/Localizable.strings; sourceTree = "<group>"; };
		2E11758127583CEA003473C3 /* es */ = {isa = PBXFileReference; lastKnownFileType = text.plist.strings; name = es; path = es.lproj/Localizable.strings; sourceTree = "<group>"; };
		2E1175862758443A003473C3 /* WebClient.h */ = {isa = PBXFileReference; lastKnownFileType = sourcecode.c.h; path = WebClient.h; sourceTree = "<group>"; };
		2E1175872758443A003473C3 /* WebClient.m */ = {isa = PBXFileReference; lastKnownFileType = sourcecode.c.objc; path = WebClient.m; sourceTree = "<group>"; };
		2E3308AD278D04B700484953 /* ImageDownloader.h */ = {isa = PBXFileReference; lastKnownFileType = sourcecode.c.h; path = ImageDownloader.h; sourceTree = "<group>"; };
		2E3308AE278D04B700484953 /* ImageDownloader.m */ = {isa = PBXFileReference; lastKnownFileType = sourcecode.c.objc; path = ImageDownloader.m; sourceTree = "<group>"; };
		2E42323427A9A09700E0CCDE /* CoreDataManager.h */ = {isa = PBXFileReference; lastKnownFileType = sourcecode.c.h; path = CoreDataManager.h; sourceTree = "<group>"; };
		2E42323527A9A09700E0CCDE /* CoreDataManager.m */ = {isa = PBXFileReference; lastKnownFileType = sourcecode.c.objc; path = CoreDataManager.m; sourceTree = "<group>"; };
		2E4E23B9278F61B300AE2F49 /* AppCoordinator.h */ = {isa = PBXFileReference; lastKnownFileType = sourcecode.c.h; path = AppCoordinator.h; sourceTree = "<group>"; };
		2E4E23BA278F61B300AE2F49 /* AppCoordinator.m */ = {isa = PBXFileReference; lastKnownFileType = sourcecode.c.objc; path = AppCoordinator.m; sourceTree = "<group>"; };
		2E4E23BD278F7CB600AE2F49 /* PokemonListCoordinator.h */ = {isa = PBXFileReference; lastKnownFileType = sourcecode.c.h; path = PokemonListCoordinator.h; sourceTree = "<group>"; };
		2E4E23BE278F7CB600AE2F49 /* PokemonListCoordinator.m */ = {isa = PBXFileReference; lastKnownFileType = sourcecode.c.objc; path = PokemonListCoordinator.m; sourceTree = "<group>"; };
		2E4E23C0278F84AB00AE2F49 /* Coordinator.h */ = {isa = PBXFileReference; lastKnownFileType = sourcecode.c.h; path = Coordinator.h; sourceTree = "<group>"; };
		2E4E23C2278F877300AE2F49 /* PokemonListViewModel.h */ = {isa = PBXFileReference; lastKnownFileType = sourcecode.c.h; path = PokemonListViewModel.h; sourceTree = "<group>"; };
		2E4E23C3278F877300AE2F49 /* PokemonListViewModel.m */ = {isa = PBXFileReference; lastKnownFileType = sourcecode.c.objc; path = PokemonListViewModel.m; sourceTree = "<group>"; };
		2E632AC9275AAA5C008B794D /* PokemonList.h */ = {isa = PBXFileReference; lastKnownFileType = sourcecode.c.h; path = PokemonList.h; sourceTree = "<group>"; };
		2E632ACA275AAA5C008B794D /* PokemonList.m */ = {isa = PBXFileReference; lastKnownFileType = sourcecode.c.objc; path = PokemonList.m; sourceTree = "<group>"; };
		2E632ACC275AD60E008B794D /* Pokemon.h */ = {isa = PBXFileReference; lastKnownFileType = sourcecode.c.h; path = Pokemon.h; sourceTree = "<group>"; };
		2E632ACD275AD60E008B794D /* Pokemon.m */ = {isa = PBXFileReference; lastKnownFileType = sourcecode.c.objc; path = Pokemon.m; sourceTree = "<group>"; };
		2E9CF1B6276A63DC00E2FFED /* ParsingData.h */ = {isa = PBXFileReference; lastKnownFileType = sourcecode.c.h; path = ParsingData.h; sourceTree = "<group>"; };
		2E9CF1B7276A63DC00E2FFED /* ParsingData.m */ = {isa = PBXFileReference; lastKnownFileType = sourcecode.c.objc; path = ParsingData.m; sourceTree = "<group>"; };
		2E9CF1BA276AAFC300E2FFED /* PokemonCollectionViewCell.h */ = {isa = PBXFileReference; lastKnownFileType = sourcecode.c.h; path = PokemonCollectionViewCell.h; sourceTree = "<group>"; };
		2E9CF1BB276AAFC300E2FFED /* PokemonCollectionViewCell.m */ = {isa = PBXFileReference; lastKnownFileType = sourcecode.c.objc; path = PokemonCollectionViewCell.m; sourceTree = "<group>"; };
		2E9CF1BC276AAFC300E2FFED /* PokemonCollectionViewCell.xib */ = {isa = PBXFileReference; lastKnownFileType = file.xib; path = PokemonCollectionViewCell.xib; sourceTree = "<group>"; };
		2EA61E27276B9FA900F92911 /* PokemonImage.h */ = {isa = PBXFileReference; lastKnownFileType = sourcecode.c.h; path = PokemonImage.h; sourceTree = "<group>"; };
		2EA61E28276B9FA900F92911 /* PokemonImage.m */ = {isa = PBXFileReference; lastKnownFileType = sourcecode.c.objc; path = PokemonImage.m; sourceTree = "<group>"; };
		2EC6D2002791F9BA0096BD6D /* PokemonDisplay.h */ = {isa = PBXFileReference; lastKnownFileType = sourcecode.c.h; path = PokemonDisplay.h; sourceTree = "<group>"; };
		2EC6D2012791F9BA0096BD6D /* PokemonDisplay.m */ = {isa = PBXFileReference; lastKnownFileType = sourcecode.c.objc; path = PokemonDisplay.m; sourceTree = "<group>"; };
		2EC6D203279202050096BD6D /* ServicesProtocol.h */ = {isa = PBXFileReference; lastKnownFileType = sourcecode.c.h; path = ServicesProtocol.h; sourceTree = "<group>"; };
/* End PBXFileReference section */

/* Begin PBXFrameworksBuildPhase section */
		2E117553275804C9003473C3 /* Frameworks */ = {
			isa = PBXFrameworksBuildPhase;
			buildActionMask = 2147483647;
			files = (
			);
			runOnlyForDeploymentPostprocessing = 0;
		};
/* End PBXFrameworksBuildPhase section */

/* Begin PBXGroup section */
		2E11754D275804C9003473C3 = {
			isa = PBXGroup;
			children = (
				2E117558275804C9003473C3 /* Pokedex */,
				2E117557275804C9003473C3 /* Products */,
			);
			sourceTree = "<group>";
		};
		2E117557275804C9003473C3 /* Products */ = {
			isa = PBXGroup;
			children = (
				2E117556275804C9003473C3 /* Pokedex.app */,
			);
			name = Products;
			sourceTree = "<group>";
		};
		2E117558275804C9003473C3 /* Pokedex */ = {
			isa = PBXGroup;
			children = (
				2E8036E1279F360B007CF83C /* Coordinator */,
				2E117585275843FA003473C3 /* Models */,
				2E1175842758434C003473C3 /* DataSource */,
				2E117582275842AB003473C3 /* Modules */,
				2E11757B27583C25003473C3 /* Assets */,
				2E117575275809A5003473C3 /* Utils */,
				2E11757227580727003473C3 /* Main */,
				2E117567275804CA003473C3 /* LaunchScreen.storyboard */,
				2E11756A275804CA003473C3 /* Info.plist */,
				2E11756B275804CA003473C3 /* main.m */,
			);
			path = Pokedex;
			sourceTree = "<group>";
		};
		2E11757227580727003473C3 /* Main */ = {
			isa = PBXGroup;
			children = (
				2E117559275804C9003473C3 /* AppDelegate.h */,
				2E11755A275804C9003473C3 /* AppDelegate.m */,
				2E11755C275804C9003473C3 /* SceneDelegate.h */,
				2E11755D275804C9003473C3 /* SceneDelegate.m */,
			);
			path = Main;
			sourceTree = "<group>";
		};
		2E117575275809A5003473C3 /* Utils */ = {
			isa = PBXGroup;
			children = (
				2E117576275809BB003473C3 /* Constants.h */,
				2E1175792758355C003473C3 /* Constants.m */,
			);
			path = Utils;
			sourceTree = "<group>";
		};
		2E11757B27583C25003473C3 /* Assets */ = {
			isa = PBXGroup;
			children = (
				2E117565275804CA003473C3 /* Assets.xcassets */,
				2E11758027583CD9003473C3 /* Localizable.strings */,
			);
			path = Assets;
			sourceTree = "<group>";
		};
		2E117582275842AB003473C3 /* Modules */ = {
			isa = PBXGroup;
			children = (
				2E1175832758430D003473C3 /* PokeList */,
			);
			path = Modules;
			sourceTree = "<group>";
		};
		2E1175832758430D003473C3 /* PokeList */ = {
			isa = PBXGroup;
			children = (
				2E4E23C1278F875E00AE2F49 /* ViewModel */,
				2E4E23BC278F7C9200AE2F49 /* Coordinator */,
				2E9CF1B9276AAFAD00E2FFED /* Cells */,
				2E11755F275804C9003473C3 /* PokemonListViewController.h */,
				2E117560275804C9003473C3 /* PokemonListViewController.m */,
				2E11757327580764003473C3 /* ViewController.xib */,
			);
			path = PokeList;
			sourceTree = "<group>";
		};
		2E1175842758434C003473C3 /* DataSource */ = {
			isa = PBXGroup;
			children = (
				2E42323327A9A07B00E0CCDE /* Database */,
				2E42323227A9A06E00E0CCDE /* Parsers */,
				2E42323127A9A05E00E0CCDE /* WebClient */,
			);
			path = DataSource;
			sourceTree = "<group>";
		};
		2E117585275843FA003473C3 /* Models */ = {
			isa = PBXGroup;
			children = (
				2E632AC9275AAA5C008B794D /* PokemonList.h */,
				2E632ACA275AAA5C008B794D /* PokemonList.m */,
				2E632ACC275AD60E008B794D /* Pokemon.h */,
				2E632ACD275AD60E008B794D /* Pokemon.m */,
				2EA61E27276B9FA900F92911 /* PokemonImage.h */,
				2EA61E28276B9FA900F92911 /* PokemonImage.m */,
				2EC6D2002791F9BA0096BD6D /* PokemonDisplay.h */,
				2EC6D2012791F9BA0096BD6D /* PokemonDisplay.m */,
			);
			path = Models;
			sourceTree = "<group>";
		};
		2E42323127A9A05E00E0CCDE /* WebClient */ = {
			isa = PBXGroup;
			children = (
				2E3308AD278D04B700484953 /* ImageDownloader.h */,
				2E3308AE278D04B700484953 /* ImageDownloader.m */,
				2EC6D203279202050096BD6D /* ServicesProtocol.h */,
				2E1175862758443A003473C3 /* WebClient.h */,
				2E1175872758443A003473C3 /* WebClient.m */,
			);
			path = WebClient;
			sourceTree = "<group>";
		};
		2E42323227A9A06E00E0CCDE /* Parsers */ = {
			isa = PBXGroup;
			children = (
				2E9CF1B6276A63DC00E2FFED /* ParsingData.h */,
				2E9CF1B7276A63DC00E2FFED /* ParsingData.m */,
			);
			path = Parsers;
			sourceTree = "<group>";
		};
		2E42323327A9A07B00E0CCDE /* Database */ = {
			isa = PBXGroup;
			children = (
				2E42323427A9A09700E0CCDE /* CoreDataManager.h */,
				2E42323527A9A09700E0CCDE /* CoreDataManager.m */,
			);
			path = Database;
			sourceTree = "<group>";
		};
		2E4E23BC278F7C9200AE2F49 /* Coordinator */ = {
			isa = PBXGroup;
			children = (
				2E4E23BD278F7CB600AE2F49 /* PokemonListCoordinator.h */,
				2E4E23BE278F7CB600AE2F49 /* PokemonListCoordinator.m */,
			);
			path = Coordinator;
			sourceTree = "<group>";
		};
		2E4E23C1278F875E00AE2F49 /* ViewModel */ = {
			isa = PBXGroup;
			children = (
				2E4E23C2278F877300AE2F49 /* PokemonListViewModel.h */,
				2E4E23C3278F877300AE2F49 /* PokemonListViewModel.m */,
			);
			path = ViewModel;
			sourceTree = "<group>";
		};
		2E8036E1279F360B007CF83C /* Coordinator */ = {
			isa = PBXGroup;
			children = (
				2E4E23C0278F84AB00AE2F49 /* Coordinator.h */,
				2E4E23B9278F61B300AE2F49 /* AppCoordinator.h */,
				2E4E23BA278F61B300AE2F49 /* AppCoordinator.m */,
			);
			path = Coordinator;
			sourceTree = "<group>";
		};
		2E9CF1B9276AAFAD00E2FFED /* Cells */ = {
			isa = PBXGroup;
			children = (
				2E9CF1BA276AAFC300E2FFED /* PokemonCollectionViewCell.h */,
				2E9CF1BB276AAFC300E2FFED /* PokemonCollectionViewCell.m */,
				2E9CF1BC276AAFC300E2FFED /* PokemonCollectionViewCell.xib */,
			);
			path = Cells;
			sourceTree = "<group>";
		};
/* End PBXGroup section */

/* Begin PBXNativeTarget section */
		2E117555275804C9003473C3 /* Pokedex */ = {
			isa = PBXNativeTarget;
			buildConfigurationList = 2E11756F275804CA003473C3 /* Build configuration list for PBXNativeTarget "Pokedex" */;
			buildPhases = (
				2E117552275804C9003473C3 /* Sources */,
				2E117553275804C9003473C3 /* Frameworks */,
				2E117554275804C9003473C3 /* Resources */,
			);
			buildRules = (
			);
			dependencies = (
			);
			name = Pokedex;
			packageProductDependencies = (
			);
			productName = Pokedex;
			productReference = 2E117556275804C9003473C3 /* Pokedex.app */;
			productType = "com.apple.product-type.application";
		};
/* End PBXNativeTarget section */

/* Begin PBXProject section */
		2E11754E275804C9003473C3 /* Project object */ = {
			isa = PBXProject;
			attributes = {
				BuildIndependentTargetsInParallel = 1;
				LastUpgradeCheck = 1310;
				TargetAttributes = {
					2E117555275804C9003473C3 = {
						CreatedOnToolsVersion = 13.1;
					};
				};
			};
			buildConfigurationList = 2E117551275804C9003473C3 /* Build configuration list for PBXProject "Pokedex" */;
			compatibilityVersion = "Xcode 13.0";
			developmentRegion = en;
			hasScannedForEncodings = 0;
			knownRegions = (
				en,
				Base,
				es,
			);
			mainGroup = 2E11754D275804C9003473C3;
			packageReferences = (
			);
			productRefGroup = 2E117557275804C9003473C3 /* Products */;
			projectDirPath = "";
			projectRoot = "";
			targets = (
				2E117555275804C9003473C3 /* Pokedex */,
			);
		};
/* End PBXProject section */

/* Begin PBXResourcesBuildPhase section */
		2E117554275804C9003473C3 /* Resources */ = {
			isa = PBXResourcesBuildPhase;
			buildActionMask = 2147483647;
			files = (
				2E117569275804CA003473C3 /* LaunchScreen.storyboard in Resources */,
				2E11757E27583CD9003473C3 /* Localizable.strings in Resources */,
				2E11757427580764003473C3 /* ViewController.xib in Resources */,
				2E9CF1BE276AAFC300E2FFED /* PokemonCollectionViewCell.xib in Resources */,
				2E117566275804CA003473C3 /* Assets.xcassets in Resources */,
			);
			runOnlyForDeploymentPostprocessing = 0;
		};
/* End PBXResourcesBuildPhase section */

/* Begin PBXSourcesBuildPhase section */
		2E117552275804C9003473C3 /* Sources */ = {
			isa = PBXSourcesBuildPhase;
			buildActionMask = 2147483647;
			files = (
				2E11757A2758355C003473C3 /* Constants.m in Sources */,
				2E1175882758443A003473C3 /* WebClient.m in Sources */,
				2E4E23BB278F61B300AE2F49 /* AppCoordinator.m in Sources */,
				2E117561275804C9003473C3 /* PokemonListViewController.m in Sources */,
				2E4E23C4278F877300AE2F49 /* PokemonListViewModel.m in Sources */,
				2E11755B275804C9003473C3 /* AppDelegate.m in Sources */,
				2E9CF1BD276AAFC300E2FFED /* PokemonCollectionViewCell.m in Sources */,
				2E9CF1B8276A63DC00E2FFED /* ParsingData.m in Sources */,
				2E3308AF278D04B700484953 /* ImageDownloader.m in Sources */,
				2E4E23BF278F7CB600AE2F49 /* PokemonListCoordinator.m in Sources */,
				2EC6D2022791F9BA0096BD6D /* PokemonDisplay.m in Sources */,
				2E11756C275804CA003473C3 /* main.m in Sources */,
				2E632ACE275AD60E008B794D /* Pokemon.m in Sources */,
				2E632ACB275AAA5C008B794D /* PokemonList.m in Sources */,
				2EA61E29276B9FA900F92911 /* PokemonImage.m in Sources */,
				2E11755E275804C9003473C3 /* SceneDelegate.m in Sources */,
				2E42323627A9A09700E0CCDE /* CoreDataManager.m in Sources */,
			);
			runOnlyForDeploymentPostprocessing = 0;
		};
/* End PBXSourcesBuildPhase section */

/* Begin PBXVariantGroup section */
		2E117567275804CA003473C3 /* LaunchScreen.storyboard */ = {
			isa = PBXVariantGroup;
			children = (
				2E117568275804CA003473C3 /* Base */,
			);
			name = LaunchScreen.storyboard;
			sourceTree = "<group>";
		};
		2E11758027583CD9003473C3 /* Localizable.strings */ = {
			isa = PBXVariantGroup;
			children = (
				2E11757F27583CD9003473C3 /* en */,
				2E11758127583CEA003473C3 /* es */,
			);
			name = Localizable.strings;
			sourceTree = "<group>";
		};
/* End PBXVariantGroup section */

/* Begin XCBuildConfiguration section */
		2E11756D275804CA003473C3 /* Debug */ = {
			isa = XCBuildConfiguration;
			buildSettings = {
				ALWAYS_SEARCH_USER_PATHS = NO;
				CLANG_ANALYZER_LOCALIZABILITY_NONLOCALIZED = YES;
				CLANG_ANALYZER_NONNULL = YES;
				CLANG_ANALYZER_NUMBER_OBJECT_CONVERSION = YES_AGGRESSIVE;
				CLANG_CXX_LANGUAGE_STANDARD = "gnu++17";
				CLANG_CXX_LIBRARY = "libc++";
				CLANG_ENABLE_MODULES = YES;
				CLANG_ENABLE_OBJC_ARC = YES;
				CLANG_ENABLE_OBJC_WEAK = YES;
				CLANG_WARN_BLOCK_CAPTURE_AUTORELEASING = YES;
				CLANG_WARN_BOOL_CONVERSION = YES;
				CLANG_WARN_COMMA = YES;
				CLANG_WARN_CONSTANT_CONVERSION = YES;
				CLANG_WARN_DEPRECATED_OBJC_IMPLEMENTATIONS = YES;
				CLANG_WARN_DIRECT_OBJC_ISA_USAGE = YES_ERROR;
				CLANG_WARN_DOCUMENTATION_COMMENTS = YES;
				CLANG_WARN_EMPTY_BODY = YES;
				CLANG_WARN_ENUM_CONVERSION = YES;
				CLANG_WARN_INFINITE_RECURSION = YES;
				CLANG_WARN_INT_CONVERSION = YES;
				CLANG_WARN_NON_LITERAL_NULL_CONVERSION = YES;
				CLANG_WARN_OBJC_IMPLICIT_RETAIN_SELF = YES;
				CLANG_WARN_OBJC_LITERAL_CONVERSION = YES;
				CLANG_WARN_OBJC_ROOT_CLASS = YES_ERROR;
				CLANG_WARN_QUOTED_INCLUDE_IN_FRAMEWORK_HEADER = YES;
				CLANG_WARN_RANGE_LOOP_ANALYSIS = YES;
				CLANG_WARN_STRICT_PROTOTYPES = YES;
				CLANG_WARN_SUSPICIOUS_MOVE = YES;
				CLANG_WARN_UNGUARDED_AVAILABILITY = YES_AGGRESSIVE;
				CLANG_WARN_UNREACHABLE_CODE = YES;
				CLANG_WARN__DUPLICATE_METHOD_MATCH = YES;
				COPY_PHASE_STRIP = NO;
				DEBUG_INFORMATION_FORMAT = dwarf;
				ENABLE_STRICT_OBJC_MSGSEND = YES;
				ENABLE_TESTABILITY = YES;
				GCC_C_LANGUAGE_STANDARD = gnu11;
				GCC_DYNAMIC_NO_PIC = NO;
				GCC_NO_COMMON_BLOCKS = YES;
				GCC_OPTIMIZATION_LEVEL = 0;
				GCC_PREPROCESSOR_DEFINITIONS = (
					"DEBUG=1",
					"$(inherited)",
				);
				GCC_WARN_64_TO_32_BIT_CONVERSION = YES;
				GCC_WARN_ABOUT_RETURN_TYPE = YES_ERROR;
				GCC_WARN_UNDECLARED_SELECTOR = YES;
				GCC_WARN_UNINITIALIZED_AUTOS = YES_AGGRESSIVE;
				GCC_WARN_UNUSED_FUNCTION = YES;
				GCC_WARN_UNUSED_VARIABLE = YES;
				IPHONEOS_DEPLOYMENT_TARGET = 15.0;
				MTL_ENABLE_DEBUG_INFO = INCLUDE_SOURCE;
				MTL_FAST_MATH = YES;
				ONLY_ACTIVE_ARCH = YES;
				SDKROOT = iphoneos;
			};
			name = Debug;
		};
		2E11756E275804CA003473C3 /* Release */ = {
			isa = XCBuildConfiguration;
			buildSettings = {
				ALWAYS_SEARCH_USER_PATHS = NO;
				CLANG_ANALYZER_LOCALIZABILITY_NONLOCALIZED = YES;
				CLANG_ANALYZER_NONNULL = YES;
				CLANG_ANALYZER_NUMBER_OBJECT_CONVERSION = YES_AGGRESSIVE;
				CLANG_CXX_LANGUAGE_STANDARD = "gnu++17";
				CLANG_CXX_LIBRARY = "libc++";
				CLANG_ENABLE_MODULES = YES;
				CLANG_ENABLE_OBJC_ARC = YES;
				CLANG_ENABLE_OBJC_WEAK = YES;
				CLANG_WARN_BLOCK_CAPTURE_AUTORELEASING = YES;
				CLANG_WARN_BOOL_CONVERSION = YES;
				CLANG_WARN_COMMA = YES;
				CLANG_WARN_CONSTANT_CONVERSION = YES;
				CLANG_WARN_DEPRECATED_OBJC_IMPLEMENTATIONS = YES;
				CLANG_WARN_DIRECT_OBJC_ISA_USAGE = YES_ERROR;
				CLANG_WARN_DOCUMENTATION_COMMENTS = YES;
				CLANG_WARN_EMPTY_BODY = YES;
				CLANG_WARN_ENUM_CONVERSION = YES;
				CLANG_WARN_INFINITE_RECURSION = YES;
				CLANG_WARN_INT_CONVERSION = YES;
				CLANG_WARN_NON_LITERAL_NULL_CONVERSION = YES;
				CLANG_WARN_OBJC_IMPLICIT_RETAIN_SELF = YES;
				CLANG_WARN_OBJC_LITERAL_CONVERSION = YES;
				CLANG_WARN_OBJC_ROOT_CLASS = YES_ERROR;
				CLANG_WARN_QUOTED_INCLUDE_IN_FRAMEWORK_HEADER = YES;
				CLANG_WARN_RANGE_LOOP_ANALYSIS = YES;
				CLANG_WARN_STRICT_PROTOTYPES = YES;
				CLANG_WARN_SUSPICIOUS_MOVE = YES;
				CLANG_WARN_UNGUARDED_AVAILABILITY = YES_AGGRESSIVE;
				CLANG_WARN_UNREACHABLE_CODE = YES;
				CLANG_WARN__DUPLICATE_METHOD_MATCH = YES;
				COPY_PHASE_STRIP = NO;
				DEBUG_INFORMATION_FORMAT = "dwarf-with-dsym";
				ENABLE_NS_ASSERTIONS = NO;
				ENABLE_STRICT_OBJC_MSGSEND = YES;
				GCC_C_LANGUAGE_STANDARD = gnu11;
				GCC_NO_COMMON_BLOCKS = YES;
				GCC_WARN_64_TO_32_BIT_CONVERSION = YES;
				GCC_WARN_ABOUT_RETURN_TYPE = YES_ERROR;
				GCC_WARN_UNDECLARED_SELECTOR = YES;
				GCC_WARN_UNINITIALIZED_AUTOS = YES_AGGRESSIVE;
				GCC_WARN_UNUSED_FUNCTION = YES;
				GCC_WARN_UNUSED_VARIABLE = YES;
				IPHONEOS_DEPLOYMENT_TARGET = 15.0;
				MTL_ENABLE_DEBUG_INFO = NO;
				MTL_FAST_MATH = YES;
				SDKROOT = iphoneos;
				VALIDATE_PRODUCT = YES;
			};
			name = Release;
		};
		2E117570275804CA003473C3 /* Debug */ = {
			isa = XCBuildConfiguration;
			buildSettings = {
				ASSETCATALOG_COMPILER_APPICON_NAME = AppIcon;
				ASSETCATALOG_COMPILER_GLOBAL_ACCENT_COLOR_NAME = AccentColor;
				CODE_SIGN_STYLE = Automatic;
				CURRENT_PROJECT_VERSION = 1;
				DEVELOPMENT_TEAM = 3QP7U5GNG3;
				GENERATE_INFOPLIST_FILE = YES;
				INFOPLIST_FILE = Pokedex/Info.plist;
				INFOPLIST_KEY_UIApplicationSupportsIndirectInputEvents = YES;
				INFOPLIST_KEY_UILaunchStoryboardName = LaunchScreen;
				INFOPLIST_KEY_UISupportedInterfaceOrientations_iPad = "UIInterfaceOrientationPortrait UIInterfaceOrientationPortraitUpsideDown UIInterfaceOrientationLandscapeLeft UIInterfaceOrientationLandscapeRight";
				INFOPLIST_KEY_UISupportedInterfaceOrientations_iPhone = "UIInterfaceOrientationPortrait UIInterfaceOrientationLandscapeLeft UIInterfaceOrientationLandscapeRight";
				LD_RUNPATH_SEARCH_PATHS = (
					"$(inherited)",
					"@executable_path/Frameworks",
				);
				MARKETING_VERSION = 1.0;
				PRODUCT_BUNDLE_IDENTIFIER = com.slekens.Pokedex;
				PRODUCT_NAME = "$(TARGET_NAME)";
				SWIFT_EMIT_LOC_STRINGS = YES;
				TARGETED_DEVICE_FAMILY = "1,2";
			};
			name = Debug;
		};
		2E117571275804CA003473C3 /* Release */ = {
			isa = XCBuildConfiguration;
			buildSettings = {
				ASSETCATALOG_COMPILER_APPICON_NAME = AppIcon;
				ASSETCATALOG_COMPILER_GLOBAL_ACCENT_COLOR_NAME = AccentColor;
				CODE_SIGN_STYLE = Automatic;
				CURRENT_PROJECT_VERSION = 1;
				DEVELOPMENT_TEAM = 3QP7U5GNG3;
				GENERATE_INFOPLIST_FILE = YES;
				INFOPLIST_FILE = Pokedex/Info.plist;
				INFOPLIST_KEY_UIApplicationSupportsIndirectInputEvents = YES;
				INFOPLIST_KEY_UILaunchStoryboardName = LaunchScreen;
				INFOPLIST_KEY_UISupportedInterfaceOrientations_iPad = "UIInterfaceOrientationPortrait UIInterfaceOrientationPortraitUpsideDown UIInterfaceOrientationLandscapeLeft UIInterfaceOrientationLandscapeRight";
				INFOPLIST_KEY_UISupportedInterfaceOrientations_iPhone = "UIInterfaceOrientationPortrait UIInterfaceOrientationLandscapeLeft UIInterfaceOrientationLandscapeRight";
				LD_RUNPATH_SEARCH_PATHS = (
					"$(inherited)",
					"@executable_path/Frameworks",
				);
				MARKETING_VERSION = 1.0;
				PRODUCT_BUNDLE_IDENTIFIER = com.slekens.Pokedex;
				PRODUCT_NAME = "$(TARGET_NAME)";
				SWIFT_EMIT_LOC_STRINGS = YES;
				TARGETED_DEVICE_FAMILY = "1,2";
			};
			name = Release;
		};
/* End XCBuildConfiguration section */

/* Begin XCConfigurationList section */
		2E117551275804C9003473C3 /* Build configuration list for PBXProject "Pokedex" */ = {
			isa = XCConfigurationList;
			buildConfigurations = (
				2E11756D275804CA003473C3 /* Debug */,
				2E11756E275804CA003473C3 /* Release */,
			);
			defaultConfigurationIsVisible = 0;
			defaultConfigurationName = Release;
		};
		2E11756F275804CA003473C3 /* Build configuration list for PBXNativeTarget "Pokedex" */ = {
			isa = XCConfigurationList;
			buildConfigurations = (
				2E117570275804CA003473C3 /* Debug */,
				2E117571275804CA003473C3 /* Release */,
			);
			defaultConfigurationIsVisible = 0;
			defaultConfigurationName = Release;
		};
/* End XCConfigurationList section */
	};
	rootObject = 2E11754E275804C9003473C3 /* Project object */;
}
